// !$*UTF8*$!
{
	archiveVersion = 1;
	classes = {
	};
	objectVersion = 51;
	objects = {

/* Begin PBXBuildFile section */
		31E56898EE0ADFC90CA230C6 /* Pods_imenu_iosTests.framework in Frameworks */ = {isa = PBXBuildFile; fileRef = EC0930CB59322BE8640C5767 /* Pods_imenu_iosTests.framework */; };
		6787A17E6DD436B7361BF7C1 /* Pods_imenu_ios_imenu_iosUITests.framework in Frameworks */ = {isa = PBXBuildFile; fileRef = 60315DF23628922134D9BC4D /* Pods_imenu_ios_imenu_iosUITests.framework */; };
		9B0B193423D0B19A002C9CCC /* APIManager.swift in Sources */ = {isa = PBXBuildFile; fileRef = 9B0B193323D0B19A002C9CCC /* APIManager.swift */; };
		9B0B193B23D0CE0E002C9CCC /* User.swift in Sources */ = {isa = PBXBuildFile; fileRef = 9B0B193A23D0CE0E002C9CCC /* User.swift */; };
		9B0B193D23D0CEA4002C9CCC /* Register.storyboard in Resources */ = {isa = PBXBuildFile; fileRef = 9B0B193C23D0CEA3002C9CCC /* Register.storyboard */; };
		9B214E4D23C795F500969784 /* LoginViewController.swift in Sources */ = {isa = PBXBuildFile; fileRef = 9B214E4C23C795F500969784 /* LoginViewController.swift */; };
		9B214E5423C7A2A400969784 /* Login.storyboard in Resources */ = {isa = PBXBuildFile; fileRef = 9B214E5323C7A2A400969784 /* Login.storyboard */; };
		9B214E5723C7AA2C00969784 /* Main.storyboard in Resources */ = {isa = PBXBuildFile; fileRef = 9B214E5523C7AA2C00969784 /* Main.storyboard */; };
		9B214E5A23C7B11300969784 /* Literals.swift in Sources */ = {isa = PBXBuildFile; fileRef = 9B214E5923C7B11300969784 /* Literals.swift */; };
		9B4FD55E23CCDF7900158709 /* RecoverViewController.swift in Sources */ = {isa = PBXBuildFile; fileRef = 9B4FD55D23CCDF7900158709 /* RecoverViewController.swift */; };
		9B6F521423C7730000943C71 /* AppDelegate.swift in Sources */ = {isa = PBXBuildFile; fileRef = 9B6F521323C7730000943C71 /* AppDelegate.swift */; };
		9B6F521623C7730000943C71 /* SceneDelegate.swift in Sources */ = {isa = PBXBuildFile; fileRef = 9B6F521523C7730000943C71 /* SceneDelegate.swift */; };
		9B6F521D23C7730600943C71 /* Assets.xcassets in Resources */ = {isa = PBXBuildFile; fileRef = 9B6F521C23C7730600943C71 /* Assets.xcassets */; };
		9B6F522023C7730600943C71 /* LaunchScreen.storyboard in Resources */ = {isa = PBXBuildFile; fileRef = 9B6F521E23C7730600943C71 /* LaunchScreen.storyboard */; };
		9B6F522B23C7730700943C71 /* ImenuIosTests.swift in Sources */ = {isa = PBXBuildFile; fileRef = 9B6F522A23C7730700943C71 /* ImenuIosTests.swift */; };
		9B6F523623C7730700943C71 /* ImenuIosUITests.swift in Sources */ = {isa = PBXBuildFile; fileRef = 9B6F523523C7730700943C71 /* ImenuIosUITests.swift */; };
		9BB3928523C9219200AA7AAC /* RoundButton.swift in Sources */ = {isa = PBXBuildFile; fileRef = 9BB3928423C9219200AA7AAC /* RoundButton.swift */; };
		9BB4D84623C8380C00CE6F38 /* Pods_imenu_ios.framework in Frameworks */ = {isa = PBXBuildFile; fileRef = 9BB4D84523C8380C00CE6F38 /* Pods_imenu_ios.framework */; };
		9BB4D84723C8380C00CE6F38 /* Pods_imenu_ios.framework in Embed Frameworks */ = {isa = PBXBuildFile; fileRef = 9BB4D84523C8380C00CE6F38 /* Pods_imenu_ios.framework */; settings = {ATTRIBUTES = (CodeSignOnCopy, RemoveHeadersOnCopy, ); }; };
		9BE79A3223CD11CA00669BCC /* Recover.storyboard in Resources */ = {isa = PBXBuildFile; fileRef = 9BE79A3123CD11CA00669BCC /* Recover.storyboard */; };
		A04434BF23D76DB100E189A5 /* DishViewController.swift in Sources */ = {isa = PBXBuildFile; fileRef = A04434BE23D76DB100E189A5 /* DishViewController.swift */; };
		A04434C323D76DEA00E189A5 /* Dish.storyboard in Resources */ = {isa = PBXBuildFile; fileRef = A04434C223D76DEA00E189A5 /* Dish.storyboard */; };
		A088402D23D7695400DCAB70 /* Dish.swift in Sources */ = {isa = PBXBuildFile; fileRef = A088402C23D7695400DCAB70 /* Dish.swift */; };
		A0C9CEEA23C7939200E77B86 /* RegisterViewController.swift in Sources */ = {isa = PBXBuildFile; fileRef = A0C9CEE923C7939200E77B86 /* RegisterViewController.swift */; };
		A0C9CF2A23C8EE9600E77B86 /* Color.swift in Sources */ = {isa = PBXBuildFile; fileRef = A0C9CF2923C8EE9600E77B86 /* Color.swift */; };
		A0CC912323D65B6600877543 /* AvatarViewController.swift in Sources */ = {isa = PBXBuildFile; fileRef = A0CC912223D65B6600877543 /* AvatarViewController.swift */; };
		A0CC912523D663A600877543 /* AvatarCollectionViewCell.swift in Sources */ = {isa = PBXBuildFile; fileRef = A0CC912423D663A600877543 /* AvatarCollectionViewCell.swift */; };
		F10447FC1BF1D25636C2B8FD /* Pods_imenu_ios.framework in Frameworks */ = {isa = PBXBuildFile; fileRef = 80A94295DE0CEC502372C074 /* Pods_imenu_ios.framework */; };
/* End PBXBuildFile section */

/* Begin PBXContainerItemProxy section */
		9B6F522723C7730600943C71 /* PBXContainerItemProxy */ = {
			isa = PBXContainerItemProxy;
			containerPortal = 9B6F520823C772FF00943C71 /* Project object */;
			proxyType = 1;
			remoteGlobalIDString = 9B6F520F23C772FF00943C71;
			remoteInfo = imenu_ios;
		};
		9B6F523223C7730700943C71 /* PBXContainerItemProxy */ = {
			isa = PBXContainerItemProxy;
			containerPortal = 9B6F520823C772FF00943C71 /* Project object */;
			proxyType = 1;
			remoteGlobalIDString = 9B6F520F23C772FF00943C71;
			remoteInfo = imenu_ios;
		};
/* End PBXContainerItemProxy section */

/* Begin PBXCopyFilesBuildPhase section */
		9BB4D84823C8380C00CE6F38 /* Embed Frameworks */ = {
			isa = PBXCopyFilesBuildPhase;
			buildActionMask = 2147483647;
			dstPath = "";
			dstSubfolderSpec = 10;
			files = (
				9BB4D84723C8380C00CE6F38 /* Pods_imenu_ios.framework in Embed Frameworks */,
			);
			name = "Embed Frameworks";
			runOnlyForDeploymentPostprocessing = 0;
		};
/* End PBXCopyFilesBuildPhase section */

/* Begin PBXFileReference section */
		082D9F10D3123919B8CF00F5 /* Pods-imenu_iosTests.release.xcconfig */ = {isa = PBXFileReference; includeInIndex = 1; lastKnownFileType = text.xcconfig; name = "Pods-imenu_iosTests.release.xcconfig"; path = "Target Support Files/Pods-imenu_iosTests/Pods-imenu_iosTests.release.xcconfig"; sourceTree = "<group>"; };
		3FF8D8B755A3EBA7853E90AD /* Pods-imenu_ios.debug.xcconfig */ = {isa = PBXFileReference; includeInIndex = 1; lastKnownFileType = text.xcconfig; name = "Pods-imenu_ios.debug.xcconfig"; path = "Target Support Files/Pods-imenu_ios/Pods-imenu_ios.debug.xcconfig"; sourceTree = "<group>"; };
		60315DF23628922134D9BC4D /* Pods_imenu_ios_imenu_iosUITests.framework */ = {isa = PBXFileReference; explicitFileType = wrapper.framework; includeInIndex = 0; path = Pods_imenu_ios_imenu_iosUITests.framework; sourceTree = BUILT_PRODUCTS_DIR; };
		62946C86303780BF40867219 /* Pods-imenu_ios.release.xcconfig */ = {isa = PBXFileReference; includeInIndex = 1; lastKnownFileType = text.xcconfig; name = "Pods-imenu_ios.release.xcconfig"; path = "Target Support Files/Pods-imenu_ios/Pods-imenu_ios.release.xcconfig"; sourceTree = "<group>"; };
		780816B4C2DFEF1D2FB49D53 /* Pods-imenu_ios-imenu_iosUITests.debug.xcconfig */ = {isa = PBXFileReference; includeInIndex = 1; lastKnownFileType = text.xcconfig; name = "Pods-imenu_ios-imenu_iosUITests.debug.xcconfig"; path = "Target Support Files/Pods-imenu_ios-imenu_iosUITests/Pods-imenu_ios-imenu_iosUITests.debug.xcconfig"; sourceTree = "<group>"; };
		80A94295DE0CEC502372C074 /* Pods_imenu_ios.framework */ = {isa = PBXFileReference; explicitFileType = wrapper.framework; includeInIndex = 0; path = Pods_imenu_ios.framework; sourceTree = BUILT_PRODUCTS_DIR; };
		8DE89641C52ED08720F4FB8D /* Pods-imenu_iosTests.debug.xcconfig */ = {isa = PBXFileReference; includeInIndex = 1; lastKnownFileType = text.xcconfig; name = "Pods-imenu_iosTests.debug.xcconfig"; path = "Target Support Files/Pods-imenu_iosTests/Pods-imenu_iosTests.debug.xcconfig"; sourceTree = "<group>"; };
		9B0B193323D0B19A002C9CCC /* APIManager.swift */ = {isa = PBXFileReference; lastKnownFileType = sourcecode.swift; path = APIManager.swift; sourceTree = "<group>"; };
		9B0B193A23D0CE0E002C9CCC /* User.swift */ = {isa = PBXFileReference; lastKnownFileType = sourcecode.swift; path = User.swift; sourceTree = "<group>"; };
		9B0B193C23D0CEA3002C9CCC /* Register.storyboard */ = {isa = PBXFileReference; fileEncoding = 4; lastKnownFileType = file.storyboard; path = Register.storyboard; sourceTree = "<group>"; };
		9B214E4C23C795F500969784 /* LoginViewController.swift */ = {isa = PBXFileReference; lastKnownFileType = sourcecode.swift; path = LoginViewController.swift; sourceTree = "<group>"; };
		9B214E5323C7A2A400969784 /* Login.storyboard */ = {isa = PBXFileReference; lastKnownFileType = file.storyboard; path = Login.storyboard; sourceTree = "<group>"; };
		9B214E5623C7AA2C00969784 /* Base */ = {isa = PBXFileReference; lastKnownFileType = file.storyboard; name = Base; path = Base.lproj/Main.storyboard; sourceTree = "<group>"; };
		9B214E5923C7B11300969784 /* Literals.swift */ = {isa = PBXFileReference; lastKnownFileType = sourcecode.swift; path = Literals.swift; sourceTree = "<group>"; };
		9B4FD55D23CCDF7900158709 /* RecoverViewController.swift */ = {isa = PBXFileReference; lastKnownFileType = sourcecode.swift; path = RecoverViewController.swift; sourceTree = "<group>"; };
		9B6F521023C772FF00943C71 /* imenu_ios.app */ = {isa = PBXFileReference; explicitFileType = wrapper.application; includeInIndex = 0; path = imenu_ios.app; sourceTree = BUILT_PRODUCTS_DIR; };
		9B6F521323C7730000943C71 /* AppDelegate.swift */ = {isa = PBXFileReference; lastKnownFileType = sourcecode.swift; path = AppDelegate.swift; sourceTree = "<group>"; };
		9B6F521523C7730000943C71 /* SceneDelegate.swift */ = {isa = PBXFileReference; lastKnownFileType = sourcecode.swift; path = SceneDelegate.swift; sourceTree = "<group>"; };
		9B6F521C23C7730600943C71 /* Assets.xcassets */ = {isa = PBXFileReference; lastKnownFileType = folder.assetcatalog; path = Assets.xcassets; sourceTree = "<group>"; };
		9B6F521F23C7730600943C71 /* Base */ = {isa = PBXFileReference; lastKnownFileType = file.storyboard; name = Base; path = Base.lproj/LaunchScreen.storyboard; sourceTree = "<group>"; };
		9B6F522123C7730600943C71 /* Info.plist */ = {isa = PBXFileReference; lastKnownFileType = text.plist.xml; path = Info.plist; sourceTree = "<group>"; };
		9B6F522623C7730600943C71 /* imenu_iosTests.xctest */ = {isa = PBXFileReference; explicitFileType = wrapper.cfbundle; includeInIndex = 0; path = imenu_iosTests.xctest; sourceTree = BUILT_PRODUCTS_DIR; };
		9B6F522A23C7730700943C71 /* ImenuIosTests.swift */ = {isa = PBXFileReference; lastKnownFileType = sourcecode.swift; path = ImenuIosTests.swift; sourceTree = "<group>"; };
		9B6F522C23C7730700943C71 /* Info.plist */ = {isa = PBXFileReference; lastKnownFileType = text.plist.xml; path = Info.plist; sourceTree = "<group>"; };
		9B6F523123C7730700943C71 /* imenu_iosUITests.xctest */ = {isa = PBXFileReference; explicitFileType = wrapper.cfbundle; includeInIndex = 0; path = imenu_iosUITests.xctest; sourceTree = BUILT_PRODUCTS_DIR; };
		9B6F523523C7730700943C71 /* ImenuIosUITests.swift */ = {isa = PBXFileReference; lastKnownFileType = sourcecode.swift; path = ImenuIosUITests.swift; sourceTree = "<group>"; };
		9B6F523723C7730700943C71 /* Info.plist */ = {isa = PBXFileReference; lastKnownFileType = text.plist.xml; path = Info.plist; sourceTree = "<group>"; };
		9BB3928423C9219200AA7AAC /* RoundButton.swift */ = {isa = PBXFileReference; lastKnownFileType = sourcecode.swift; path = RoundButton.swift; sourceTree = "<group>"; };
		9BB4D84523C8380C00CE6F38 /* Pods_imenu_ios.framework */ = {isa = PBXFileReference; explicitFileType = wrapper.framework; path = Pods_imenu_ios.framework; sourceTree = BUILT_PRODUCTS_DIR; };
		9BB4D84923C8384600CE6F38 /* SkyFloatingLabelTextField.framework */ = {isa = PBXFileReference; explicitFileType = wrapper.framework; path = SkyFloatingLabelTextField.framework; sourceTree = BUILT_PRODUCTS_DIR; };
		9BB4D84C23C8388D00CE6F38 /* Alamofire.framework */ = {isa = PBXFileReference; explicitFileType = wrapper.framework; path = Alamofire.framework; sourceTree = BUILT_PRODUCTS_DIR; };
		9BE79A3123CD11CA00669BCC /* Recover.storyboard */ = {isa = PBXFileReference; fileEncoding = 4; lastKnownFileType = file.storyboard; path = Recover.storyboard; sourceTree = "<group>"; };
		A04434BE23D76DB100E189A5 /* DishViewController.swift */ = {isa = PBXFileReference; lastKnownFileType = sourcecode.swift; name = DishViewController.swift; path = ../DishViewController.swift; sourceTree = "<group>"; };
		A04434C223D76DEA00E189A5 /* Dish.storyboard */ = {isa = PBXFileReference; lastKnownFileType = file.storyboard; path = Dish.storyboard; sourceTree = "<group>"; };
		A088402C23D7695400DCAB70 /* Dish.swift */ = {isa = PBXFileReference; lastKnownFileType = sourcecode.swift; path = Dish.swift; sourceTree = "<group>"; };
		A0C9CEE923C7939200E77B86 /* RegisterViewController.swift */ = {isa = PBXFileReference; lastKnownFileType = sourcecode.swift; path = RegisterViewController.swift; sourceTree = "<group>"; };
		A0C9CF2923C8EE9600E77B86 /* Color.swift */ = {isa = PBXFileReference; lastKnownFileType = sourcecode.swift; path = Color.swift; sourceTree = "<group>"; };
		A0CC912223D65B6600877543 /* AvatarViewController.swift */ = {isa = PBXFileReference; lastKnownFileType = sourcecode.swift; path = AvatarViewController.swift; sourceTree = "<group>"; };
		A0CC912423D663A600877543 /* AvatarCollectionViewCell.swift */ = {isa = PBXFileReference; lastKnownFileType = sourcecode.swift; path = AvatarCollectionViewCell.swift; sourceTree = "<group>"; };
		A7F59B88508993883BBEAC16 /* Pods-imenu_ios-imenu_iosUITests.release.xcconfig */ = {isa = PBXFileReference; includeInIndex = 1; lastKnownFileType = text.xcconfig; name = "Pods-imenu_ios-imenu_iosUITests.release.xcconfig"; path = "Target Support Files/Pods-imenu_ios-imenu_iosUITests/Pods-imenu_ios-imenu_iosUITests.release.xcconfig"; sourceTree = "<group>"; };
		EC0930CB59322BE8640C5767 /* Pods_imenu_iosTests.framework */ = {isa = PBXFileReference; explicitFileType = wrapper.framework; includeInIndex = 0; path = Pods_imenu_iosTests.framework; sourceTree = BUILT_PRODUCTS_DIR; };
/* End PBXFileReference section */

/* Begin PBXFrameworksBuildPhase section */
		9B6F520D23C772FF00943C71 /* Frameworks */ = {
			isa = PBXFrameworksBuildPhase;
			buildActionMask = 2147483647;
			files = (
				F10447FC1BF1D25636C2B8FD /* Pods_imenu_ios.framework in Frameworks */,
				9BB4D84623C8380C00CE6F38 /* Pods_imenu_ios.framework in Frameworks */,
			);
			runOnlyForDeploymentPostprocessing = 0;
		};
		9B6F522323C7730600943C71 /* Frameworks */ = {
			isa = PBXFrameworksBuildPhase;
			buildActionMask = 2147483647;
			files = (
				31E56898EE0ADFC90CA230C6 /* Pods_imenu_iosTests.framework in Frameworks */,
			);
			runOnlyForDeploymentPostprocessing = 0;
		};
		9B6F522E23C7730700943C71 /* Frameworks */ = {
			isa = PBXFrameworksBuildPhase;
			buildActionMask = 2147483647;
			files = (
				6787A17E6DD436B7361BF7C1 /* Pods_imenu_ios_imenu_iosUITests.framework in Frameworks */,
			);
			runOnlyForDeploymentPostprocessing = 0;
		};
/* End PBXFrameworksBuildPhase section */

/* Begin PBXGroup section */
		2B570980B383E5CD87695712 /* Frameworks */ = {
			isa = PBXGroup;
			children = (
				9BB4D84C23C8388D00CE6F38 /* Alamofire.framework */,
				9BB4D84923C8384600CE6F38 /* SkyFloatingLabelTextField.framework */,
				9BB4D84523C8380C00CE6F38 /* Pods_imenu_ios.framework */,
				80A94295DE0CEC502372C074 /* Pods_imenu_ios.framework */,
				60315DF23628922134D9BC4D /* Pods_imenu_ios_imenu_iosUITests.framework */,
				EC0930CB59322BE8640C5767 /* Pods_imenu_iosTests.framework */,
			);
			name = Frameworks;
			sourceTree = "<group>";
		};
		9B0B193223D0AFD6002C9CCC /* APIManager */ = {
			isa = PBXGroup;
			children = (
				9B0B193323D0B19A002C9CCC /* APIManager.swift */,
			);
			path = APIManager;
			sourceTree = "<group>";
		};
		9B0B193923D0CDDB002C9CCC /* Model */ = {
			isa = PBXGroup;
			children = (
				9B0B193A23D0CE0E002C9CCC /* User.swift */,
				A088402C23D7695400DCAB70 /* Dish.swift */,
			);
			path = Model;
			sourceTree = "<group>";
		};
		9B214E4423C783B300969784 /* Login */ = {
			isa = PBXGroup;
			children = (
				9B214E4523C783C300969784 /* View */,
				9B214E4623C783CF00969784 /* Controller */,
			);
			path = Login;
			sourceTree = "<group>";
		};
		9B214E4523C783C300969784 /* View */ = {
			isa = PBXGroup;
			children = (
				9B214E5323C7A2A400969784 /* Login.storyboard */,
			);
			path = View;
			sourceTree = "<group>";
		};
		9B214E4623C783CF00969784 /* Controller */ = {
			isa = PBXGroup;
			children = (
				9B214E4C23C795F500969784 /* LoginViewController.swift */,
			);
			path = Controller;
			sourceTree = "<group>";
		};
		9B214E5823C7B0D600969784 /* Utils */ = {
			isa = PBXGroup;
			children = (
				9B214E5923C7B11300969784 /* Literals.swift */,
				A0C9CF2923C8EE9600E77B86 /* Color.swift */,
				9BB3928423C9219200AA7AAC /* RoundButton.swift */,
			);
			path = Utils;
			sourceTree = "<group>";
		};
		9B4FD55623CCDECD00158709 /* Recover */ = {
			isa = PBXGroup;
			children = (
				9B4FD55723CCDEFE00158709 /* View */,
				9B4FD55823CCDF0A00158709 /* Controller */,
			);
			path = Recover;
			sourceTree = "<group>";
		};
		9B4FD55723CCDEFE00158709 /* View */ = {
			isa = PBXGroup;
			children = (
				9BE79A3123CD11CA00669BCC /* Recover.storyboard */,
			);
			path = View;
			sourceTree = "<group>";
		};
		9B4FD55823CCDF0A00158709 /* Controller */ = {
			isa = PBXGroup;
			children = (
				9B4FD55D23CCDF7900158709 /* RecoverViewController.swift */,
			);
			path = Controller;
			sourceTree = "<group>";
		};
		9B6F520723C772FF00943C71 = {
			isa = PBXGroup;
			children = (
				9B6F521223C772FF00943C71 /* imenu_ios */,
				9B6F522923C7730600943C71 /* imenu_iosTests */,
				9B6F523423C7730700943C71 /* imenu_iosUITests */,
				9B6F521123C772FF00943C71 /* Products */,
				BDCB6343048AEC3BC2A8221B /* Pods */,
				2B570980B383E5CD87695712 /* Frameworks */,
			);
			sourceTree = "<group>";
		};
		9B6F521123C772FF00943C71 /* Products */ = {
			isa = PBXGroup;
			children = (
				9B6F521023C772FF00943C71 /* imenu_ios.app */,
				9B6F522623C7730600943C71 /* imenu_iosTests.xctest */,
				9B6F523123C7730700943C71 /* imenu_iosUITests.xctest */,
			);
			name = Products;
			sourceTree = "<group>";
		};
		9B6F521223C772FF00943C71 /* imenu_ios */ = {
			isa = PBXGroup;
			children = (
				A04434BD23D76D8100E189A5 /* Dish */,
				9B0B193923D0CDDB002C9CCC /* Model */,
				9B0B193223D0AFD6002C9CCC /* APIManager */,
				9B214E5823C7B0D600969784 /* Utils */,
				A0C9CEE423C792E600E77B86 /* Register */,
				9B214E4423C783B300969784 /* Login */,
				9B4FD55623CCDECD00158709 /* Recover */,
				9B6F521323C7730000943C71 /* AppDelegate.swift */,
				9B6F521523C7730000943C71 /* SceneDelegate.swift */,
				9B6F521C23C7730600943C71 /* Assets.xcassets */,
				9B214E5523C7AA2C00969784 /* Main.storyboard */,
				9B6F521E23C7730600943C71 /* LaunchScreen.storyboard */,
				9B6F522123C7730600943C71 /* Info.plist */,
			);
			path = imenu_ios;
			sourceTree = "<group>";
		};
		9B6F522923C7730600943C71 /* imenu_iosTests */ = {
			isa = PBXGroup;
			children = (
				9B6F522A23C7730700943C71 /* ImenuIosTests.swift */,
				9B6F522C23C7730700943C71 /* Info.plist */,
			);
			path = imenu_iosTests;
			sourceTree = "<group>";
		};
		9B6F523423C7730700943C71 /* imenu_iosUITests */ = {
			isa = PBXGroup;
			children = (
				9B6F523523C7730700943C71 /* ImenuIosUITests.swift */,
				9B6F523723C7730700943C71 /* Info.plist */,
			);
			path = imenu_iosUITests;
			sourceTree = "<group>";
		};
		A04434BD23D76D8100E189A5 /* Dish */ = {
			isa = PBXGroup;
			children = (
				A04434C123D76DCE00E189A5 /* View */,
				A04434C023D76DC300E189A5 /* Controller */,
			);
			path = Dish;
			sourceTree = "<group>";
		};
		A04434C023D76DC300E189A5 /* Controller */ = {
			isa = PBXGroup;
			children = (
				A04434BE23D76DB100E189A5 /* DishViewController.swift */,
			);
			path = Controller;
			sourceTree = "<group>";
		};
		A04434C123D76DCE00E189A5 /* View */ = {
			isa = PBXGroup;
			children = (
				A04434C223D76DEA00E189A5 /* Dish.storyboard */,
			);
			path = View;
			sourceTree = "<group>";
		};
		A0C9CEE423C792E600E77B86 /* Register */ = {
			isa = PBXGroup;
			children = (
				A0C9CEE623C7932A00E77B86 /* Controller */,
				A0C9CEE523C7932500E77B86 /* View */,
			);
			path = Register;
			sourceTree = "<group>";
		};
		A0C9CEE523C7932500E77B86 /* View */ = {
			isa = PBXGroup;
			children = (
				9B0B193C23D0CEA3002C9CCC /* Register.storyboard */,
			);
			path = View;
			sourceTree = "<group>";
		};
		A0C9CEE623C7932A00E77B86 /* Controller */ = {
			isa = PBXGroup;
			children = (
				A0C9CEE923C7939200E77B86 /* RegisterViewController.swift */,
				A0CC912223D65B6600877543 /* AvatarViewController.swift */,
				A0CC912423D663A600877543 /* AvatarCollectionViewCell.swift */,
			);
			path = Controller;
			sourceTree = "<group>";
		};
		BDCB6343048AEC3BC2A8221B /* Pods */ = {
			isa = PBXGroup;
			children = (
				3FF8D8B755A3EBA7853E90AD /* Pods-imenu_ios.debug.xcconfig */,
				62946C86303780BF40867219 /* Pods-imenu_ios.release.xcconfig */,
				780816B4C2DFEF1D2FB49D53 /* Pods-imenu_ios-imenu_iosUITests.debug.xcconfig */,
				A7F59B88508993883BBEAC16 /* Pods-imenu_ios-imenu_iosUITests.release.xcconfig */,
				8DE89641C52ED08720F4FB8D /* Pods-imenu_iosTests.debug.xcconfig */,
				082D9F10D3123919B8CF00F5 /* Pods-imenu_iosTests.release.xcconfig */,
			);
			path = Pods;
			sourceTree = "<group>";
		};
/* End PBXGroup section */

/* Begin PBXNativeTarget section */
		9B6F520F23C772FF00943C71 /* imenu_ios */ = {
			isa = PBXNativeTarget;
			buildConfigurationList = 9B6F523A23C7730700943C71 /* Build configuration list for PBXNativeTarget "imenu_ios" */;
			buildPhases = (
				219E213A57280F19BC347155 /* [CP] Check Pods Manifest.lock */,
				9B6F520C23C772FF00943C71 /* Sources */,
				9B6F520D23C772FF00943C71 /* Frameworks */,
				9B6F520E23C772FF00943C71 /* Resources */,
				9BB4D84823C8380C00CE6F38 /* Embed Frameworks */,
				48D5EC33B3AFF2670ECD0A1F /* [CP] Embed Pods Frameworks */,
			);
			buildRules = (
			);
			dependencies = (
			);
			name = imenu_ios;
			productName = imenu_ios;
			productReference = 9B6F521023C772FF00943C71 /* imenu_ios.app */;
			productType = "com.apple.product-type.application";
		};
		9B6F522523C7730600943C71 /* imenu_iosTests */ = {
			isa = PBXNativeTarget;
			buildConfigurationList = 9B6F523D23C7730700943C71 /* Build configuration list for PBXNativeTarget "imenu_iosTests" */;
			buildPhases = (
				B3248579870E7BB350C982EB /* [CP] Check Pods Manifest.lock */,
				9B6F522223C7730600943C71 /* Sources */,
				9B6F522323C7730600943C71 /* Frameworks */,
				9B6F522423C7730600943C71 /* Resources */,
			);
			buildRules = (
			);
			dependencies = (
				9B6F522823C7730600943C71 /* PBXTargetDependency */,
			);
			name = imenu_iosTests;
			productName = imenu_iosTests;
			productReference = 9B6F522623C7730600943C71 /* imenu_iosTests.xctest */;
			productType = "com.apple.product-type.bundle.unit-test";
		};
		9B6F523023C7730700943C71 /* imenu_iosUITests */ = {
			isa = PBXNativeTarget;
			buildConfigurationList = 9B6F524023C7730700943C71 /* Build configuration list for PBXNativeTarget "imenu_iosUITests" */;
			buildPhases = (
				5653601E0B68381182CB0D1C /* [CP] Check Pods Manifest.lock */,
				9B6F522D23C7730700943C71 /* Sources */,
				9B6F522E23C7730700943C71 /* Frameworks */,
				9B6F522F23C7730700943C71 /* Resources */,
				B8122435BDDD17E290CA3077 /* [CP] Embed Pods Frameworks */,
			);
			buildRules = (
			);
			dependencies = (
				9B6F523323C7730700943C71 /* PBXTargetDependency */,
			);
			name = imenu_iosUITests;
			productName = imenu_iosUITests;
			productReference = 9B6F523123C7730700943C71 /* imenu_iosUITests.xctest */;
			productType = "com.apple.product-type.bundle.ui-testing";
		};
/* End PBXNativeTarget section */

/* Begin PBXProject section */
		9B6F520823C772FF00943C71 /* Project object */ = {
			isa = PBXProject;
			attributes = {
				LastSwiftUpdateCheck = 1130;
				LastUpgradeCheck = 1130;
				ORGANIZATIONNAME = "Miguel Jaimes";
				TargetAttributes = {
					9B6F520F23C772FF00943C71 = {
						CreatedOnToolsVersion = 11.3;
					};
					9B6F522523C7730600943C71 = {
						CreatedOnToolsVersion = 11.3;
						TestTargetID = 9B6F520F23C772FF00943C71;
					};
					9B6F523023C7730700943C71 = {
						CreatedOnToolsVersion = 11.3;
						TestTargetID = 9B6F520F23C772FF00943C71;
					};
				};
			};
			buildConfigurationList = 9B6F520B23C772FF00943C71 /* Build configuration list for PBXProject "imenu_ios" */;
			compatibilityVersion = "Xcode 9.3";
			developmentRegion = en;
			hasScannedForEncodings = 0;
			knownRegions = (
				en,
				Base,
			);
			mainGroup = 9B6F520723C772FF00943C71;
			productRefGroup = 9B6F521123C772FF00943C71 /* Products */;
			projectDirPath = "";
			projectRoot = "";
			targets = (
				9B6F520F23C772FF00943C71 /* imenu_ios */,
				9B6F522523C7730600943C71 /* imenu_iosTests */,
				9B6F523023C7730700943C71 /* imenu_iosUITests */,
			);
		};
/* End PBXProject section */

/* Begin PBXResourcesBuildPhase section */
		9B6F520E23C772FF00943C71 /* Resources */ = {
			isa = PBXResourcesBuildPhase;
			buildActionMask = 2147483647;
			files = (
				9B214E5423C7A2A400969784 /* Login.storyboard in Resources */,
				A04434C323D76DEA00E189A5 /* Dish.storyboard in Resources */,
				9B6F522023C7730600943C71 /* LaunchScreen.storyboard in Resources */,
				9B0B193D23D0CEA4002C9CCC /* Register.storyboard in Resources */,
				9B6F521D23C7730600943C71 /* Assets.xcassets in Resources */,
				9B214E5723C7AA2C00969784 /* Main.storyboard in Resources */,
				9BE79A3223CD11CA00669BCC /* Recover.storyboard in Resources */,
			);
			runOnlyForDeploymentPostprocessing = 0;
		};
		9B6F522423C7730600943C71 /* Resources */ = {
			isa = PBXResourcesBuildPhase;
			buildActionMask = 2147483647;
			files = (
			);
			runOnlyForDeploymentPostprocessing = 0;
		};
		9B6F522F23C7730700943C71 /* Resources */ = {
			isa = PBXResourcesBuildPhase;
			buildActionMask = 2147483647;
			files = (
			);
			runOnlyForDeploymentPostprocessing = 0;
		};
/* End PBXResourcesBuildPhase section */

/* Begin PBXShellScriptBuildPhase section */
		219E213A57280F19BC347155 /* [CP] Check Pods Manifest.lock */ = {
			isa = PBXShellScriptBuildPhase;
			buildActionMask = 2147483647;
			files = (
			);
			inputFileListPaths = (
			);
			inputPaths = (
				"${PODS_PODFILE_DIR_PATH}/Podfile.lock",
				"${PODS_ROOT}/Manifest.lock",
			);
			name = "[CP] Check Pods Manifest.lock";
			outputFileListPaths = (
			);
			outputPaths = (
				"$(DERIVED_FILE_DIR)/Pods-imenu_ios-checkManifestLockResult.txt",
			);
			runOnlyForDeploymentPostprocessing = 0;
			shellPath = /bin/sh;
			shellScript = "diff \"${PODS_PODFILE_DIR_PATH}/Podfile.lock\" \"${PODS_ROOT}/Manifest.lock\" > /dev/null\nif [ $? != 0 ] ; then\n    # print error to STDERR\n    echo \"error: The sandbox is not in sync with the Podfile.lock. Run 'pod install' or update your CocoaPods installation.\" >&2\n    exit 1\nfi\n# This output is used by Xcode 'outputs' to avoid re-running this script phase.\necho \"SUCCESS\" > \"${SCRIPT_OUTPUT_FILE_0}\"\n";
			showEnvVarsInLog = 0;
		};
		48D5EC33B3AFF2670ECD0A1F /* [CP] Embed Pods Frameworks */ = {
			isa = PBXShellScriptBuildPhase;
			buildActionMask = 2147483647;
			files = (
			);
			inputFileListPaths = (
				"${PODS_ROOT}/Target Support Files/Pods-imenu_ios/Pods-imenu_ios-frameworks-${CONFIGURATION}-input-files.xcfilelist",
			);
			name = "[CP] Embed Pods Frameworks";
			outputFileListPaths = (
				"${PODS_ROOT}/Target Support Files/Pods-imenu_ios/Pods-imenu_ios-frameworks-${CONFIGURATION}-output-files.xcfilelist",
			);
			runOnlyForDeploymentPostprocessing = 0;
			shellPath = /bin/sh;
			shellScript = "\"${PODS_ROOT}/Target Support Files/Pods-imenu_ios/Pods-imenu_ios-frameworks.sh\"\n\n";
		};
		5653601E0B68381182CB0D1C /* [CP] Check Pods Manifest.lock */ = {
			isa = PBXShellScriptBuildPhase;
			buildActionMask = 2147483647;
			files = (
			);
			inputFileListPaths = (
			);
			inputPaths = (
				"${PODS_PODFILE_DIR_PATH}/Podfile.lock",
				"${PODS_ROOT}/Manifest.lock",
			);
			name = "[CP] Check Pods Manifest.lock";
			outputFileListPaths = (
			);
			outputPaths = (
				"$(DERIVED_FILE_DIR)/Pods-imenu_ios-imenu_iosUITests-checkManifestLockResult.txt",
			);
			runOnlyForDeploymentPostprocessing = 0;
			shellPath = /bin/sh;
			shellScript = "diff \"${PODS_PODFILE_DIR_PATH}/Podfile.lock\" \"${PODS_ROOT}/Manifest.lock\" > /dev/null\nif [ $? != 0 ] ; then\n    # print error to STDERR\n    echo \"error: The sandbox is not in sync with the Podfile.lock. Run 'pod install' or update your CocoaPods installation.\" >&2\n    exit 1\nfi\n# This output is used by Xcode 'outputs' to avoid re-running this script phase.\necho \"SUCCESS\" > \"${SCRIPT_OUTPUT_FILE_0}\"\n";
			showEnvVarsInLog = 0;
		};
		B3248579870E7BB350C982EB /* [CP] Check Pods Manifest.lock */ = {
			isa = PBXShellScriptBuildPhase;
			buildActionMask = 2147483647;
			files = (
			);
			inputFileListPaths = (
			);
			inputPaths = (
				"${PODS_PODFILE_DIR_PATH}/Podfile.lock",
				"${PODS_ROOT}/Manifest.lock",
			);
			name = "[CP] Check Pods Manifest.lock";
			outputFileListPaths = (
			);
			outputPaths = (
				"$(DERIVED_FILE_DIR)/Pods-imenu_iosTests-checkManifestLockResult.txt",
			);
			runOnlyForDeploymentPostprocessing = 0;
			shellPath = /bin/sh;
			shellScript = "diff \"${PODS_PODFILE_DIR_PATH}/Podfile.lock\" \"${PODS_ROOT}/Manifest.lock\" > /dev/null\nif [ $? != 0 ] ; then\n    # print error to STDERR\n    echo \"error: The sandbox is not in sync with the Podfile.lock. Run 'pod install' or update your CocoaPods installation.\" >&2\n    exit 1\nfi\n# This output is used by Xcode 'outputs' to avoid re-running this script phase.\necho \"SUCCESS\" > \"${SCRIPT_OUTPUT_FILE_0}\"\n";
			showEnvVarsInLog = 0;
		};
		B8122435BDDD17E290CA3077 /* [CP] Embed Pods Frameworks */ = {
			isa = PBXShellScriptBuildPhase;
			buildActionMask = 2147483647;
			files = (
			);
			inputFileListPaths = (
				"${PODS_ROOT}/Target Support Files/Pods-imenu_ios-imenu_iosUITests/Pods-imenu_ios-imenu_iosUITests-frameworks-${CONFIGURATION}-input-files.xcfilelist",
			);
			name = "[CP] Embed Pods Frameworks";
			outputFileListPaths = (
				"${PODS_ROOT}/Target Support Files/Pods-imenu_ios-imenu_iosUITests/Pods-imenu_ios-imenu_iosUITests-frameworks-${CONFIGURATION}-output-files.xcfilelist",
			);
			runOnlyForDeploymentPostprocessing = 0;
			shellPath = /bin/sh;
			shellScript = "\"${PODS_ROOT}/Target Support Files/Pods-imenu_ios-imenu_iosUITests/Pods-imenu_ios-imenu_iosUITests-frameworks.sh\"\n";
			showEnvVarsInLog = 0;
		};
/* End PBXShellScriptBuildPhase section */

/* Begin PBXSourcesBuildPhase section */
		9B6F520C23C772FF00943C71 /* Sources */ = {
			isa = PBXSourcesBuildPhase;
			buildActionMask = 2147483647;
			files = (
				9B214E4D23C795F500969784 /* LoginViewController.swift in Sources */,
				A0CC912323D65B6600877543 /* AvatarViewController.swift in Sources */,
				9B214E5A23C7B11300969784 /* Literals.swift in Sources */,
				9BB3928523C9219200AA7AAC /* RoundButton.swift in Sources */,
				9B0B193423D0B19A002C9CCC /* APIManager.swift in Sources */,
				9B4FD55E23CCDF7900158709 /* RecoverViewController.swift in Sources */,
				A04434BF23D76DB100E189A5 /* DishViewController.swift in Sources */,
				9B6F521423C7730000943C71 /* AppDelegate.swift in Sources */,
				A0C9CEEA23C7939200E77B86 /* RegisterViewController.swift in Sources */,
				9B6F521623C7730000943C71 /* SceneDelegate.swift in Sources */,
				9B0B193B23D0CE0E002C9CCC /* User.swift in Sources */,
				A0C9CF2A23C8EE9600E77B86 /* Color.swift in Sources */,
				A088402D23D7695400DCAB70 /* Dish.swift in Sources */,
				A0CC912523D663A600877543 /* AvatarCollectionViewCell.swift in Sources */,
			);
			runOnlyForDeploymentPostprocessing = 0;
		};
		9B6F522223C7730600943C71 /* Sources */ = {
			isa = PBXSourcesBuildPhase;
			buildActionMask = 2147483647;
			files = (
				9B6F522B23C7730700943C71 /* ImenuIosTests.swift in Sources */,
			);
			runOnlyForDeploymentPostprocessing = 0;
		};
		9B6F522D23C7730700943C71 /* Sources */ = {
			isa = PBXSourcesBuildPhase;
			buildActionMask = 2147483647;
			files = (
				9B6F523623C7730700943C71 /* ImenuIosUITests.swift in Sources */,
			);
			runOnlyForDeploymentPostprocessing = 0;
		};
/* End PBXSourcesBuildPhase section */

/* Begin PBXTargetDependency section */
		9B6F522823C7730600943C71 /* PBXTargetDependency */ = {
			isa = PBXTargetDependency;
			target = 9B6F520F23C772FF00943C71 /* imenu_ios */;
			targetProxy = 9B6F522723C7730600943C71 /* PBXContainerItemProxy */;
		};
		9B6F523323C7730700943C71 /* PBXTargetDependency */ = {
			isa = PBXTargetDependency;
			target = 9B6F520F23C772FF00943C71 /* imenu_ios */;
			targetProxy = 9B6F523223C7730700943C71 /* PBXContainerItemProxy */;
		};
/* End PBXTargetDependency section */

/* Begin PBXVariantGroup section */
		9B214E5523C7AA2C00969784 /* Main.storyboard */ = {
			isa = PBXVariantGroup;
			children = (
				9B214E5623C7AA2C00969784 /* Base */,
			);
			name = Main.storyboard;
			sourceTree = "<group>";
		};
		9B6F521E23C7730600943C71 /* LaunchScreen.storyboard */ = {
			isa = PBXVariantGroup;
			children = (
				9B6F521F23C7730600943C71 /* Base */,
			);
			name = LaunchScreen.storyboard;
			sourceTree = "<group>";
		};
/* End PBXVariantGroup section */

/* Begin XCBuildConfiguration section */
		9B6F523823C7730700943C71 /* Debug */ = {
			isa = XCBuildConfiguration;
			buildSettings = {
				ALWAYS_SEARCH_USER_PATHS = NO;
				CLANG_ANALYZER_NONNULL = YES;
				CLANG_ANALYZER_NUMBER_OBJECT_CONVERSION = YES_AGGRESSIVE;
				CLANG_CXX_LANGUAGE_STANDARD = "gnu++14";
				CLANG_CXX_LIBRARY = "libc++";
				CLANG_ENABLE_MODULES = YES;
				CLANG_ENABLE_OBJC_ARC = YES;
				CLANG_ENABLE_OBJC_WEAK = YES;
				CLANG_WARN_BLOCK_CAPTURE_AUTORELEASING = YES;
				CLANG_WARN_BOOL_CONVERSION = YES;
				CLANG_WARN_COMMA = YES;
				CLANG_WARN_CONSTANT_CONVERSION = YES;
				CLANG_WARN_DEPRECATED_OBJC_IMPLEMENTATIONS = YES;
				CLANG_WARN_DIRECT_OBJC_ISA_USAGE = YES_ERROR;
				CLANG_WARN_DOCUMENTATION_COMMENTS = YES;
				CLANG_WARN_EMPTY_BODY = YES;
				CLANG_WARN_ENUM_CONVERSION = YES;
				CLANG_WARN_INFINITE_RECURSION = YES;
				CLANG_WARN_INT_CONVERSION = YES;
				CLANG_WARN_NON_LITERAL_NULL_CONVERSION = YES;
				CLANG_WARN_OBJC_IMPLICIT_RETAIN_SELF = YES;
				CLANG_WARN_OBJC_LITERAL_CONVERSION = YES;
				CLANG_WARN_OBJC_ROOT_CLASS = YES_ERROR;
				CLANG_WARN_RANGE_LOOP_ANALYSIS = YES;
				CLANG_WARN_STRICT_PROTOTYPES = YES;
				CLANG_WARN_SUSPICIOUS_MOVE = YES;
				CLANG_WARN_UNGUARDED_AVAILABILITY = YES_AGGRESSIVE;
				CLANG_WARN_UNREACHABLE_CODE = YES;
				CLANG_WARN__DUPLICATE_METHOD_MATCH = YES;
				COPY_PHASE_STRIP = NO;
				DEBUG_INFORMATION_FORMAT = dwarf;
				ENABLE_STRICT_OBJC_MSGSEND = YES;
				ENABLE_TESTABILITY = YES;
				GCC_C_LANGUAGE_STANDARD = gnu11;
				GCC_DYNAMIC_NO_PIC = NO;
				GCC_NO_COMMON_BLOCKS = YES;
				GCC_OPTIMIZATION_LEVEL = 0;
				GCC_PREPROCESSOR_DEFINITIONS = (
					"DEBUG=1",
					"$(inherited)",
				);
				GCC_WARN_64_TO_32_BIT_CONVERSION = YES;
				GCC_WARN_ABOUT_RETURN_TYPE = YES_ERROR;
				GCC_WARN_UNDECLARED_SELECTOR = YES;
				GCC_WARN_UNINITIALIZED_AUTOS = YES_AGGRESSIVE;
				GCC_WARN_UNUSED_FUNCTION = YES;
				GCC_WARN_UNUSED_VARIABLE = YES;
				IPHONEOS_DEPLOYMENT_TARGET = 13.2;
				MTL_ENABLE_DEBUG_INFO = INCLUDE_SOURCE;
				MTL_FAST_MATH = YES;
				ONLY_ACTIVE_ARCH = YES;
				SDKROOT = iphoneos;
				SWIFT_ACTIVE_COMPILATION_CONDITIONS = DEBUG;
				SWIFT_OPTIMIZATION_LEVEL = "-Onone";
				SWIFT_VERSION = "";
			};
			name = Debug;
		};
		9B6F523923C7730700943C71 /* Release */ = {
			isa = XCBuildConfiguration;
			buildSettings = {
				ALWAYS_SEARCH_USER_PATHS = NO;
				CLANG_ANALYZER_NONNULL = YES;
				CLANG_ANALYZER_NUMBER_OBJECT_CONVERSION = YES_AGGRESSIVE;
				CLANG_CXX_LANGUAGE_STANDARD = "gnu++14";
				CLANG_CXX_LIBRARY = "libc++";
				CLANG_ENABLE_MODULES = YES;
				CLANG_ENABLE_OBJC_ARC = YES;
				CLANG_ENABLE_OBJC_WEAK = YES;
				CLANG_WARN_BLOCK_CAPTURE_AUTORELEASING = YES;
				CLANG_WARN_BOOL_CONVERSION = YES;
				CLANG_WARN_COMMA = YES;
				CLANG_WARN_CONSTANT_CONVERSION = YES;
				CLANG_WARN_DEPRECATED_OBJC_IMPLEMENTATIONS = YES;
				CLANG_WARN_DIRECT_OBJC_ISA_USAGE = YES_ERROR;
				CLANG_WARN_DOCUMENTATION_COMMENTS = YES;
				CLANG_WARN_EMPTY_BODY = YES;
				CLANG_WARN_ENUM_CONVERSION = YES;
				CLANG_WARN_INFINITE_RECURSION = YES;
				CLANG_WARN_INT_CONVERSION = YES;
				CLANG_WARN_NON_LITERAL_NULL_CONVERSION = YES;
				CLANG_WARN_OBJC_IMPLICIT_RETAIN_SELF = YES;
				CLANG_WARN_OBJC_LITERAL_CONVERSION = YES;
				CLANG_WARN_OBJC_ROOT_CLASS = YES_ERROR;
				CLANG_WARN_RANGE_LOOP_ANALYSIS = YES;
				CLANG_WARN_STRICT_PROTOTYPES = YES;
				CLANG_WARN_SUSPICIOUS_MOVE = YES;
				CLANG_WARN_UNGUARDED_AVAILABILITY = YES_AGGRESSIVE;
				CLANG_WARN_UNREACHABLE_CODE = YES;
				CLANG_WARN__DUPLICATE_METHOD_MATCH = YES;
				COPY_PHASE_STRIP = NO;
				DEBUG_INFORMATION_FORMAT = "dwarf-with-dsym";
				ENABLE_NS_ASSERTIONS = NO;
				ENABLE_STRICT_OBJC_MSGSEND = YES;
				GCC_C_LANGUAGE_STANDARD = gnu11;
				GCC_NO_COMMON_BLOCKS = YES;
				GCC_WARN_64_TO_32_BIT_CONVERSION = YES;
				GCC_WARN_ABOUT_RETURN_TYPE = YES_ERROR;
				GCC_WARN_UNDECLARED_SELECTOR = YES;
				GCC_WARN_UNINITIALIZED_AUTOS = YES_AGGRESSIVE;
				GCC_WARN_UNUSED_FUNCTION = YES;
				GCC_WARN_UNUSED_VARIABLE = YES;
				IPHONEOS_DEPLOYMENT_TARGET = 13.2;
				MTL_ENABLE_DEBUG_INFO = NO;
				MTL_FAST_MATH = YES;
				SDKROOT = iphoneos;
				SWIFT_COMPILATION_MODE = wholemodule;
				SWIFT_OPTIMIZATION_LEVEL = "-O";
				SWIFT_VERSION = "";
				VALIDATE_PRODUCT = YES;
			};
			name = Release;
		};
		9B6F523B23C7730700943C71 /* Debug */ = {
			isa = XCBuildConfiguration;
			baseConfigurationReference = 3FF8D8B755A3EBA7853E90AD /* Pods-imenu_ios.debug.xcconfig */;
			buildSettings = {
				ASSETCATALOG_COMPILER_APPICON_NAME = AppIcon;
				CODE_SIGN_STYLE = Automatic;
				DEVELOPMENT_TEAM = 254DWXJ94U;
				INFOPLIST_FILE = imenu_ios/Info.plist;
				LD_RUNPATH_SEARCH_PATHS = (
					"$(inherited)",
					"@executable_path/Frameworks",
				);
				PRODUCT_BUNDLE_IDENTIFIER = "Miguel.imenu-ios";
				PRODUCT_NAME = "$(TARGET_NAME)";
				SWIFT_VERSION = 5.0;
				TARGETED_DEVICE_FAMILY = 1;
			};
			name = Debug;
		};
		9B6F523C23C7730700943C71 /* Release */ = {
			isa = XCBuildConfiguration;
			baseConfigurationReference = 62946C86303780BF40867219 /* Pods-imenu_ios.release.xcconfig */;
			buildSettings = {
				ASSETCATALOG_COMPILER_APPICON_NAME = AppIcon;
				CODE_SIGN_STYLE = Automatic;
				DEVELOPMENT_TEAM = 254DWXJ94U;
				INFOPLIST_FILE = imenu_ios/Info.plist;
				LD_RUNPATH_SEARCH_PATHS = (
					"$(inherited)",
					"@executable_path/Frameworks",
				);
				PRODUCT_BUNDLE_IDENTIFIER = "Miguel.imenu-ios";
				PRODUCT_NAME = "$(TARGET_NAME)";
				SWIFT_VERSION = 5.0;
				TARGETED_DEVICE_FAMILY = 1;
			};
			name = Release;
		};
		9B6F523E23C7730700943C71 /* Debug */ = {
			isa = XCBuildConfiguration;
			baseConfigurationReference = 8DE89641C52ED08720F4FB8D /* Pods-imenu_iosTests.debug.xcconfig */;
			buildSettings = {
				ALWAYS_EMBED_SWIFT_STANDARD_LIBRARIES = YES;
				BUNDLE_LOADER = "$(TEST_HOST)";
				CODE_SIGN_STYLE = Automatic;
				DEVELOPMENT_TEAM = 254DWXJ94U;
				INFOPLIST_FILE = imenu_iosTests/Info.plist;
				IPHONEOS_DEPLOYMENT_TARGET = 13.2;
				LD_RUNPATH_SEARCH_PATHS = (
					"$(inherited)",
					"@executable_path/Frameworks",
					"@loader_path/Frameworks",
				);
				PRODUCT_BUNDLE_IDENTIFIER = "Miguel.imenu-iosTests";
				PRODUCT_NAME = "$(TARGET_NAME)";
				SWIFT_VERSION = 5.0;
				TARGETED_DEVICE_FAMILY = "1,2";
				TEST_HOST = "$(BUILT_PRODUCTS_DIR)/imenu_ios.app/imenu_ios";
			};
			name = Debug;
		};
		9B6F523F23C7730700943C71 /* Release */ = {
			isa = XCBuildConfiguration;
			baseConfigurationReference = 082D9F10D3123919B8CF00F5 /* Pods-imenu_iosTests.release.xcconfig */;
			buildSettings = {
				ALWAYS_EMBED_SWIFT_STANDARD_LIBRARIES = YES;
				BUNDLE_LOADER = "$(TEST_HOST)";
				CODE_SIGN_STYLE = Automatic;
				DEVELOPMENT_TEAM = 254DWXJ94U;
				INFOPLIST_FILE = imenu_iosTests/Info.plist;
				IPHONEOS_DEPLOYMENT_TARGET = 13.2;
				LD_RUNPATH_SEARCH_PATHS = (
					"$(inherited)",
					"@executable_path/Frameworks",
					"@loader_path/Frameworks",
				);
				PRODUCT_BUNDLE_IDENTIFIER = "Miguel.imenu-iosTests";
				PRODUCT_NAME = "$(TARGET_NAME)";
				SWIFT_VERSION = 5.0;
				TARGETED_DEVICE_FAMILY = "1,2";
				TEST_HOST = "$(BUILT_PRODUCTS_DIR)/imenu_ios.app/imenu_ios";
			};
			name = Release;
		};
		9B6F524123C7730700943C71 /* Debug */ = {
			isa = XCBuildConfiguration;
			baseConfigurationReference = 780816B4C2DFEF1D2FB49D53 /* Pods-imenu_ios-imenu_iosUITests.debug.xcconfig */;
			buildSettings = {
				ALWAYS_EMBED_SWIFT_STANDARD_LIBRARIES = YES;
				CODE_SIGN_STYLE = Automatic;
				DEVELOPMENT_TEAM = 254DWXJ94U;
				INFOPLIST_FILE = imenu_iosUITests/Info.plist;
				LD_RUNPATH_SEARCH_PATHS = (
					"$(inherited)",
					"@executable_path/Frameworks",
					"@loader_path/Frameworks",
				);
				PRODUCT_BUNDLE_IDENTIFIER = "Miguel.imenu-iosUITests";
				PRODUCT_NAME = "$(TARGET_NAME)";
				SWIFT_VERSION = 5.0;
				TARGETED_DEVICE_FAMILY = "1,2";
				TEST_TARGET_NAME = imenu_ios;
			};
			name = Debug;
		};
		9B6F524223C7730700943C71 /* Release */ = {
			isa = XCBuildConfiguration;
			baseConfigurationReference = A7F59B88508993883BBEAC16 /* Pods-imenu_ios-imenu_iosUITests.release.xcconfig */;
			buildSettings = {
				ALWAYS_EMBED_SWIFT_STANDARD_LIBRARIES = YES;
				CODE_SIGN_STYLE = Automatic;
				DEVELOPMENT_TEAM = 254DWXJ94U;
				INFOPLIST_FILE = imenu_iosUITests/Info.plist;
				LD_RUNPATH_SEARCH_PATHS = (
					"$(inherited)",
					"@executable_path/Frameworks",
					"@loader_path/Frameworks",
				);
				PRODUCT_BUNDLE_IDENTIFIER = "Miguel.imenu-iosUITests";
				PRODUCT_NAME = "$(TARGET_NAME)";
				SWIFT_VERSION = 5.0;
				TARGETED_DEVICE_FAMILY = "1,2";
				TEST_TARGET_NAME = imenu_ios;
			};
			name = Release;
		};
/* End XCBuildConfiguration section */

/* Begin XCConfigurationList section */
		9B6F520B23C772FF00943C71 /* Build configuration list for PBXProject "imenu_ios" */ = {
			isa = XCConfigurationList;
			buildConfigurations = (
				9B6F523823C7730700943C71 /* Debug */,
				9B6F523923C7730700943C71 /* Release */,
			);
			defaultConfigurationIsVisible = 0;
			defaultConfigurationName = Release;
		};
		9B6F523A23C7730700943C71 /* Build configuration list for PBXNativeTarget "imenu_ios" */ = {
			isa = XCConfigurationList;
			buildConfigurations = (
				9B6F523B23C7730700943C71 /* Debug */,
				9B6F523C23C7730700943C71 /* Release */,
			);
			defaultConfigurationIsVisible = 0;
			defaultConfigurationName = Release;
		};
		9B6F523D23C7730700943C71 /* Build configuration list for PBXNativeTarget "imenu_iosTests" */ = {
			isa = XCConfigurationList;
			buildConfigurations = (
				9B6F523E23C7730700943C71 /* Debug */,
				9B6F523F23C7730700943C71 /* Release */,
			);
			defaultConfigurationIsVisible = 0;
			defaultConfigurationName = Release;
		};
		9B6F524023C7730700943C71 /* Build configuration list for PBXNativeTarget "imenu_iosUITests" */ = {
			isa = XCConfigurationList;
			buildConfigurations = (
				9B6F524123C7730700943C71 /* Debug */,
				9B6F524223C7730700943C71 /* Release */,
			);
			defaultConfigurationIsVisible = 0;
			defaultConfigurationName = Release;
		};
/* End XCConfigurationList section */
	};
	rootObject = 9B6F520823C772FF00943C71 /* Project object */;
}
